
Microsoft Visual Studio Solution File, Format Version 12.00
# Visual Studio 11
Project("{FAE04EC0-301F-11D3-BF4B-00C04F79EFBC}") = "LuceneIndexManager", "LuceneIndexManager\LuceneIndexManager.csproj", "{805D5C39-2678-45F0-BC84-870F02B9BEE0}"
EndProject
Project("{FAE04EC0-301F-11D3-BF4B-00C04F79EFBC}") = "LuceneIndexManager.Tests", "LuceneIndexManager.Tests\LuceneIndexManager.Tests.csproj", "{7EEDFF51-873C-483E-8850-39B4182DA297}"
EndProject
Global
	GlobalSection(SolutionConfigurationPlatforms) = preSolution
		Debug|Any CPU = Debug|Any CPU
		Release|Any CPU = Release|Any CPU
	EndGlobalSection
	GlobalSection(ProjectConfigurationPlatforms) = postSolution
		{7EEDFF51-873C-483E-8850-39B4182DA297}.Debug|Any CPU.ActiveCfg = Debug|Any CPU
		{7EEDFF51-873C-483E-8850-39B4182DA297}.Debug|Any CPU.Build.0 = Debug|Any CPU
		{7EEDFF51-873C-483E-8850-39B4182DA297}.Release|Any CPU.ActiveCfg = Release|Any CPU
		{7EEDFF51-873C-483E-8850-39B4182DA297}.Release|Any CPU.Build.0 = Release|Any CPU
		{805D5C39-2678-45F0-BC84-870F02B9BEE0}.Debug|Any CPU.ActiveCfg = Debug|Any CPU
		{805D5C39-2678-45F0-BC84-870F02B9BEE0}.Debug|Any CPU.Build.0 = Debug|Any CPU
		{805D5C39-2678-45F0-BC84-870F02B9BEE0}.Release|Any CPU.ActiveCfg = Release|Any CPU
		{805D5C39-2678-45F0-BC84-870F02B9BEE0}.Release|Any CPU.Build.0 = Release|Any CPU
	EndGlobalSection
	GlobalSection(SolutionProperties) = preSolution
		HideSolutionNode = FALSE
	EndGlobalSection
EndGlobal
